
Microsoft Visual Studio Solution File, Format Version 12.00
# Visual Studio Version 16
VisualStudioVersion = 16.0.31702.278
MinimumVisualStudioVersion = 10.0.40219.1
Project("{FAE04EC0-301F-11D3-BF4B-00C04F79EFBC}") = "EK7TKN_HFT_2021221.Client", "EK7TKN_HFT_2021221\EK7TKN_HFT_2021221.Client.csproj", "{9C3F34C0-83C7-4911-B3C5-352C81387C8C}"
EndProject
Project("{FAE04EC0-301F-11D3-BF4B-00C04F79EFBC}") = "EK7TKN_HFT_2021221.Data", "EK7TKN_HFT_2021221.Data\EK7TKN_HFT_2021221.Data.csproj", "{975FA704-7ED0-4461-B162-2C7D15D3F462}"
EndProject
Project("{FAE04EC0-301F-11D3-BF4B-00C04F79EFBC}") = "EK7TKN_HFT_2021221.Logic", "EK7TKN_HFT_2021221.Logic\EK7TKN_HFT_2021221.Logic.csproj", "{1BE97BA7-749D-4F5C-962F-477F1DA30169}"
EndProject
Project("{FAE04EC0-301F-11D3-BF4B-00C04F79EFBC}") = "EK7TKN_HFT_2021221.Repository", "EK7TKN_HFT_2021221.Repository\EK7TKN_HFT_2021221.Repository.csproj", "{E8738F20-E1F7-4E67-A846-F615672ED93C}"
EndProject
Project("{FAE04EC0-301F-11D3-BF4B-00C04F79EFBC}") = "EK7TKN_HFT_2021221.Test", "EK7TKN_HFT_2021221.Test\EK7TKN_HFT_2021221.Test.csproj", "{D9A4B702-31AC-494E-9E0E-78E726965D82}"
EndProject
Project("{FAE04EC0-301F-11D3-BF4B-00C04F79EFBC}") = "EK7TKN_HFT_2021221.Models", "EK7TKN_HFT_2021221.Models\EK7TKN_HFT_2021221.Models.csproj", "{E18EFFE1-B1A4-44E1-B498-5E250B5076AF}"
EndProject
Project("{FAE04EC0-301F-11D3-BF4B-00C04F79EFBC}") = "EK7TKN_HFT_2021221.Endpoint", "EK7TKN_HFT_2021221.Endpoint\EK7TKN_HFT_2021221.Endpoint.csproj", "{76E3DDEB-9CD9-46CB-8C86-5F4BADC826C3}"
EndProject
Project("{2150E333-8FDC-42A3-9474-1A3956D46DE8}") = "Backend", "Backend", "{D8076BBC-D707-431F-9841-554F6A7E7FE6}"
EndProject
Project("{2150E333-8FDC-42A3-9474-1A3956D46DE8}") = "Frontend", "Frontend", "{7A2E18DC-5DD7-4F35-BE68-96537EEA3E29}"
EndProject
Project("{2150E333-8FDC-42A3-9474-1A3956D46DE8}") = "Others", "Others", "{3ABA269F-B0F2-4DDE-8ED0-EEFE61F206DA}"
EndProject
Project("{2150E333-8FDC-42A3-9474-1A3956D46DE8}") = "Shared", "Shared", "{A766B114-8C04-4A75-A73D-57B7688D5242}"
EndProject
Global
	GlobalSection(SolutionConfigurationPlatforms) = preSolution
		Debug|Any CPU = Debug|Any CPU
		Release|Any CPU = Release|Any CPU
	EndGlobalSection
	GlobalSection(ProjectConfigurationPlatforms) = postSolution
		{9C3F34C0-83C7-4911-B3C5-352C81387C8C}.Debug|Any CPU.ActiveCfg = Debug|Any CPU
		{9C3F34C0-83C7-4911-B3C5-352C81387C8C}.Debug|Any CPU.Build.0 = Debug|Any CPU
		{9C3F34C0-83C7-4911-B3C5-352C81387C8C}.Release|Any CPU.ActiveCfg = Release|Any CPU
		{9C3F34C0-83C7-4911-B3C5-352C81387C8C}.Release|Any CPU.Build.0 = Release|Any CPU
		{975FA704-7ED0-4461-B162-2C7D15D3F462}.Debug|Any CPU.ActiveCfg = Debug|Any CPU
		{975FA704-7ED0-4461-B162-2C7D15D3F462}.Debug|Any CPU.Build.0 = Debug|Any CPU
		{975FA704-7ED0-4461-B162-2C7D15D3F462}.Release|Any CPU.ActiveCfg = Release|Any CPU
		{975FA704-7ED0-4461-B162-2C7D15D3F462}.Release|Any CPU.Build.0 = Release|Any CPU
		{1BE97BA7-749D-4F5C-962F-477F1DA30169}.Debug|Any CPU.ActiveCfg = Debug|Any CPU
		{1BE97BA7-749D-4F5C-962F-477F1DA30169}.Debug|Any CPU.Build.0 = Debug|Any CPU
		{1BE97BA7-749D-4F5C-962F-477F1DA30169}.Release|Any CPU.ActiveCfg = Release|Any CPU
		{1BE97BA7-749D-4F5C-962F-477F1DA30169}.Release|Any CPU.Build.0 = Release|Any CPU
		{E8738F20-E1F7-4E67-A846-F615672ED93C}.Debug|Any CPU.ActiveCfg = Debug|Any CPU
		{E8738F20-E1F7-4E67-A846-F615672ED93C}.Debug|Any CPU.Build.0 = Debug|Any CPU
		{E8738F20-E1F7-4E67-A846-F615672ED93C}.Release|Any CPU.ActiveCfg = Release|Any CPU
		{E8738F20-E1F7-4E67-A846-F615672ED93C}.Release|Any CPU.Build.0 = Release|Any CPU
		{D9A4B702-31AC-494E-9E0E-78E726965D82}.Debug|Any CPU.ActiveCfg = Debug|Any CPU
		{D9A4B702-31AC-494E-9E0E-78E726965D82}.Debug|Any CPU.Build.0 = Debug|Any CPU
		{D9A4B702-31AC-494E-9E0E-78E726965D82}.Release|Any CPU.ActiveCfg = Release|Any CPU
		{D9A4B702-31AC-494E-9E0E-78E726965D82}.Release|Any CPU.Build.0 = Release|Any CPU
		{E18EFFE1-B1A4-44E1-B498-5E250B5076AF}.Debug|Any CPU.ActiveCfg = Debug|Any CPU
		{E18EFFE1-B1A4-44E1-B498-5E250B5076AF}.Debug|Any CPU.Build.0 = Debug|Any CPU
		{E18EFFE1-B1A4-44E1-B498-5E250B5076AF}.Release|Any CPU.ActiveCfg = Release|Any CPU
		{E18EFFE1-B1A4-44E1-B498-5E250B5076AF}.Release|Any CPU.Build.0 = Release|Any CPU
		{76E3DDEB-9CD9-46CB-8C86-5F4BADC826C3}.Debug|Any CPU.ActiveCfg = Debug|Any CPU
		{76E3DDEB-9CD9-46CB-8C86-5F4BADC826C3}.Debug|Any CPU.Build.0 = Debug|Any CPU
		{76E3DDEB-9CD9-46CB-8C86-5F4BADC826C3}.Release|Any CPU.ActiveCfg = Release|Any CPU
		{76E3DDEB-9CD9-46CB-8C86-5F4BADC826C3}.Release|Any CPU.Build.0 = Release|Any CPU
	EndGlobalSection
	GlobalSection(SolutionProperties) = preSolution
		HideSolutionNode = FALSE
	EndGlobalSection
	GlobalSection(NestedProjects) = preSolution
		{9C3F34C0-83C7-4911-B3C5-352C81387C8C} = {7A2E18DC-5DD7-4F35-BE68-96537EEA3E29}
		{975FA704-7ED0-4461-B162-2C7D15D3F462} = {D8076BBC-D707-431F-9841-554F6A7E7FE6}
		{1BE97BA7-749D-4F5C-962F-477F1DA30169} = {D8076BBC-D707-431F-9841-554F6A7E7FE6}
		{E8738F20-E1F7-4E67-A846-F615672ED93C} = {D8076BBC-D707-431F-9841-554F6A7E7FE6}
		{D9A4B702-31AC-494E-9E0E-78E726965D82} = {D8076BBC-D707-431F-9841-554F6A7E7FE6}
		{E18EFFE1-B1A4-44E1-B498-5E250B5076AF} = {A766B114-8C04-4A75-A73D-57B7688D5242}
		{76E3DDEB-9CD9-46CB-8C86-5F4BADC826C3} = {D8076BBC-D707-431F-9841-554F6A7E7FE6}
	EndGlobalSection
	GlobalSection(ExtensibilityGlobals) = postSolution
		SolutionGuid = {8F73F4F1-3467-45C4-81B2-9D30690D4DD7}
	EndGlobalSection
EndGlobal
